
Microsoft Visual Studio Solution File, Format Version 12.00
# Visual Studio 14
VisualStudioVersion = 14.0.25420.1
MinimumVisualStudioVersion = 10.0.40219.1
Project("{FAE04EC0-301F-11D3-BF4B-00C04F79EFBC}") = "Proteus.Infrastructure.Messaging.Tests", "Proteus.Infrastructure.Messaging.Tests\Proteus.Infrastructure.Messaging.Tests.csproj", "{966F39AD-2C1A-4369-B96F-7D9122D8CA5F}"
EndProject
Project("{FAE04EC0-301F-11D3-BF4B-00C04F79EFBC}") = "Proteus.Infrastructure.Messaging.Portable", "Proteus.Infrastructure.Messaging.Portable\Proteus.Infrastructure.Messaging.Portable.csproj", "{9CE08989-240C-4F66-B523-5BEF6E2F6BF6}"
EndProject
Project("{2150E333-8FDC-42A3-9474-1A3956D46DE8}") = ".nuget", ".nuget", "{870BCF9F-E065-4B08-A4D5-A21BCB3E8669}"
	ProjectSection(SolutionItems) = preProject
		.nuget\packages.config = .nuget\packages.config
	EndProjectSection
EndProject
Project("{FAE04EC0-301F-11D3-BF4B-00C04F79EFBC}") = "TestingHarness.Portable", "TestingHarness.Portable\TestingHarness.Portable.csproj", "{1521D831-215E-4C5E-B69C-A488AB80C038}"
EndProject
Project("{FAE04EC0-301F-11D3-BF4B-00C04F79EFBC}") = "Windows10TestingHarness", "Windows10TestingHarness\Windows10TestingHarness.csproj", "{61F03A77-138D-4C89-B93B-64DFFB5DD9C1}"
EndProject
Global
	GlobalSection(SolutionConfigurationPlatforms) = preSolution
		Debug|Any CPU = Debug|Any CPU
		Debug|ARM = Debug|ARM
		Debug|x64 = Debug|x64
		Debug|x86 = Debug|x86
		Release|Any CPU = Release|Any CPU
		Release|ARM = Release|ARM
		Release|x64 = Release|x64
		Release|x86 = Release|x86
	EndGlobalSection
	GlobalSection(ProjectConfigurationPlatforms) = postSolution
		{966F39AD-2C1A-4369-B96F-7D9122D8CA5F}.Debug|Any CPU.ActiveCfg = Debug|Any CPU
		{966F39AD-2C1A-4369-B96F-7D9122D8CA5F}.Debug|Any CPU.Build.0 = Debug|Any CPU
		{966F39AD-2C1A-4369-B96F-7D9122D8CA5F}.Debug|ARM.ActiveCfg = Debug|Any CPU
		{966F39AD-2C1A-4369-B96F-7D9122D8CA5F}.Debug|x64.ActiveCfg = Debug|Any CPU
		{966F39AD-2C1A-4369-B96F-7D9122D8CA5F}.Debug|x86.ActiveCfg = Debug|Any CPU
		{966F39AD-2C1A-4369-B96F-7D9122D8CA5F}.Release|Any CPU.ActiveCfg = Release|Any CPU
		{966F39AD-2C1A-4369-B96F-7D9122D8CA5F}.Release|Any CPU.Build.0 = Release|Any CPU
		{966F39AD-2C1A-4369-B96F-7D9122D8CA5F}.Release|ARM.ActiveCfg = Release|Any CPU
		{966F39AD-2C1A-4369-B96F-7D9122D8CA5F}.Release|x64.ActiveCfg = Release|Any CPU
		{966F39AD-2C1A-4369-B96F-7D9122D8CA5F}.Release|x86.ActiveCfg = Release|Any CPU
		{9CE08989-240C-4F66-B523-5BEF6E2F6BF6}.Debug|Any CPU.ActiveCfg = Debug|Any CPU
		{9CE08989-240C-4F66-B523-5BEF6E2F6BF6}.Debug|Any CPU.Build.0 = Debug|Any CPU
		{9CE08989-240C-4F66-B523-5BEF6E2F6BF6}.Debug|ARM.ActiveCfg = Debug|Any CPU
		{9CE08989-240C-4F66-B523-5BEF6E2F6BF6}.Debug|x64.ActiveCfg = Debug|Any CPU
		{9CE08989-240C-4F66-B523-5BEF6E2F6BF6}.Debug|x86.ActiveCfg = Debug|Any CPU
		{9CE08989-240C-4F66-B523-5BEF6E2F6BF6}.Release|Any CPU.ActiveCfg = Release|Any CPU
		{9CE08989-240C-4F66-B523-5BEF6E2F6BF6}.Release|Any CPU.Build.0 = Release|Any CPU
		{9CE08989-240C-4F66-B523-5BEF6E2F6BF6}.Release|ARM.ActiveCfg = Release|Any CPU
		{9CE08989-240C-4F66-B523-5BEF6E2F6BF6}.Release|x64.ActiveCfg = Release|Any CPU
		{9CE08989-240C-4F66-B523-5BEF6E2F6BF6}.Release|x86.ActiveCfg = Release|Any CPU
		{1521D831-215E-4C5E-B69C-A488AB80C038}.Debug|Any CPU.ActiveCfg = Debug|Any CPU
		{1521D831-215E-4C5E-B69C-A488AB80C038}.Debug|Any CPU.Build.0 = Debug|Any CPU
		{1521D831-215E-4C5E-B69C-A488AB80C038}.Debug|ARM.ActiveCfg = Debug|Any CPU
		{1521D831-215E-4C5E-B69C-A488AB80C038}.Debug|x64.ActiveCfg = Debug|Any CPU
		{1521D831-215E-4C5E-B69C-A488AB80C038}.Debug|x86.ActiveCfg = Debug|Any CPU
		{1521D831-215E-4C5E-B69C-A488AB80C038}.Release|Any CPU.ActiveCfg = Release|Any CPU
		{1521D831-215E-4C5E-B69C-A488AB80C038}.Release|Any CPU.Build.0 = Release|Any CPU
		{1521D831-215E-4C5E-B69C-A488AB80C038}.Release|ARM.ActiveCfg = Release|Any CPU
		{1521D831-215E-4C5E-B69C-A488AB80C038}.Release|x64.ActiveCfg = Release|Any CPU
		{1521D831-215E-4C5E-B69C-A488AB80C038}.Release|x86.ActiveCfg = Release|Any CPU
		{61F03A77-138D-4C89-B93B-64DFFB5DD9C1}.Debug|Any CPU.ActiveCfg = Debug|x64
		{61F03A77-138D-4C89-B93B-64DFFB5DD9C1}.Debug|Any CPU.Build.0 = Debug|x64
		{61F03A77-138D-4C89-B93B-64DFFB5DD9C1}.Debug|Any CPU.Deploy.0 = Debug|x64
		{61F03A77-138D-4C89-B93B-64DFFB5DD9C1}.Debug|ARM.ActiveCfg = Debug|ARM
		{61F03A77-138D-4C89-B93B-64DFFB5DD9C1}.Debug|ARM.Build.0 = Debug|ARM
		{61F03A77-138D-4C89-B93B-64DFFB5DD9C1}.Debug|ARM.Deploy.0 = Debug|ARM
		{61F03A77-138D-4C89-B93B-64DFFB5DD9C1}.Debug|x64.ActiveCfg = Debug|x64
		{61F03A77-138D-4C89-B93B-64DFFB5DD9C1}.Debug|x64.Build.0 = Debug|x64
		{61F03A77-138D-4C89-B93B-64DFFB5DD9C1}.Debug|x64.Deploy.0 = Debug|x64
		{61F03A77-138D-4C89-B93B-64DFFB5DD9C1}.Debug|x86.ActiveCfg = Debug|x86
		{61F03A77-138D-4C89-B93B-64DFFB5DD9C1}.Debug|x86.Build.0 = Debug|x86
		{61F03A77-138D-4C89-B93B-64DFFB5DD9C1}.Debug|x86.Deploy.0 = Debug|x86
		{61F03A77-138D-4C89-B93B-64DFFB5DD9C1}.Release|Any CPU.ActiveCfg = Release|x86
		{61F03A77-138D-4C89-B93B-64DFFB5DD9C1}.Release|ARM.ActiveCfg = Release|ARM
		{61F03A77-138D-4C89-B93B-64DFFB5DD9C1}.Release|ARM.Build.0 = Release|ARM
		{61F03A77-138D-4C89-B93B-64DFFB5DD9C1}.Release|ARM.Deploy.0 = Release|ARM
		{61F03A77-138D-4C89-B93B-64DFFB5DD9C1}.Release|x64.ActiveCfg = Release|x64
		{61F03A77-138D-4C89-B93B-64DFFB5DD9C1}.Release|x64.Build.0 = Release|x64
		{61F03A77-138D-4C89-B93B-64DFFB5DD9C1}.Release|x64.Deploy.0 = Release|x64
		{61F03A77-138D-4C89-B93B-64DFFB5DD9C1}.Release|x86.ActiveCfg = Release|x86
		{61F03A77-138D-4C89-B93B-64DFFB5DD9C1}.Release|x86.Build.0 = Release|x86
		{61F03A77-138D-4C89-B93B-64DFFB5DD9C1}.Release|x86.Deploy.0 = Release|x86
	EndGlobalSection
	GlobalSection(SolutionProperties) = preSolution
		HideSolutionNode = FALSE
	EndGlobalSection
EndGlobal
